
Microsoft Visual Studio Solution File, Format Version 12.00
# Visual Studio 2012
Project("{FAE04EC0-301F-11D3-BF4B-00C04F79EFBC}") = "WeldingMask", "WeldingMask\WeldingMask.csproj", "{4B453957-CDDC-4EEB-B177-B4175E4FDAFD}"
EndProject
Project("{FAE04EC0-301F-11D3-BF4B-00C04F79EFBC}") = "WeldingMask.iOS", "iOS\WeldingMask.iOS.csproj", "{9ECCCAE5-336F-495A-B558-393B25437407}"
EndProject
Project("{FAE04EC0-301F-11D3-BF4B-00C04F79EFBC}") = "WeldingMask.Droid", "Droid\WeldingMask.Droid.csproj", "{66DD1092-6D16-4A21-9396-772B76D33F4B}"
EndProject
Global
	GlobalSection(SolutionConfigurationPlatforms) = preSolution
		Debug|Any CPU = Debug|Any CPU
		Release|Any CPU = Release|Any CPU
		Debug|iPhoneSimulator = Debug|iPhoneSimulator
		Release|iPhone = Release|iPhone
		Release|iPhoneSimulator = Release|iPhoneSimulator
		Debug|iPhone = Debug|iPhone
	EndGlobalSection
	GlobalSection(ProjectConfigurationPlatforms) = postSolution
		{4B453957-CDDC-4EEB-B177-B4175E4FDAFD}.Debug|Any CPU.ActiveCfg = Debug|Any CPU
		{4B453957-CDDC-4EEB-B177-B4175E4FDAFD}.Debug|Any CPU.Build.0 = Debug|Any CPU
		{4B453957-CDDC-4EEB-B177-B4175E4FDAFD}.Release|Any CPU.ActiveCfg = Release|Any CPU
		{4B453957-CDDC-4EEB-B177-B4175E4FDAFD}.Release|Any CPU.Build.0 = Release|Any CPU
		{4B453957-CDDC-4EEB-B177-B4175E4FDAFD}.Debug|iPhoneSimulator.ActiveCfg = Debug|Any CPU
		{4B453957-CDDC-4EEB-B177-B4175E4FDAFD}.Debug|iPhoneSimulator.Build.0 = Debug|Any CPU
		{4B453957-CDDC-4EEB-B177-B4175E4FDAFD}.Release|iPhone.ActiveCfg = Release|Any CPU
		{4B453957-CDDC-4EEB-B177-B4175E4FDAFD}.Release|iPhone.Build.0 = Release|Any CPU
		{4B453957-CDDC-4EEB-B177-B4175E4FDAFD}.Release|iPhoneSimulator.ActiveCfg = Release|Any CPU
		{4B453957-CDDC-4EEB-B177-B4175E4FDAFD}.Release|iPhoneSimulator.Build.0 = Release|Any CPU
		{4B453957-CDDC-4EEB-B177-B4175E4FDAFD}.Debug|iPhone.ActiveCfg = Debug|Any CPU
		{4B453957-CDDC-4EEB-B177-B4175E4FDAFD}.Debug|iPhone.Build.0 = Debug|Any CPU
		{9ECCCAE5-336F-495A-B558-393B25437407}.Debug|Any CPU.ActiveCfg = Debug|iPhoneSimulator
		{9ECCCAE5-336F-495A-B558-393B25437407}.Debug|Any CPU.Build.0 = Debug|iPhoneSimulator
		{9ECCCAE5-336F-495A-B558-393B25437407}.Release|Any CPU.ActiveCfg = Release|iPhone
		{9ECCCAE5-336F-495A-B558-393B25437407}.Release|Any CPU.Build.0 = Release|iPhone
		{9ECCCAE5-336F-495A-B558-393B25437407}.Debug|iPhoneSimulator.ActiveCfg = Debug|iPhoneSimulator
		{9ECCCAE5-336F-495A-B558-393B25437407}.Debug|iPhoneSimulator.Build.0 = Debug|iPhoneSimulator
		{9ECCCAE5-336F-495A-B558-393B25437407}.Release|iPhone.ActiveCfg = Release|iPhone
		{9ECCCAE5-336F-495A-B558-393B25437407}.Release|iPhone.Build.0 = Release|iPhone
		{9ECCCAE5-336F-495A-B558-393B25437407}.Release|iPhoneSimulator.ActiveCfg = Release|iPhoneSimulator
		{9ECCCAE5-336F-495A-B558-393B25437407}.Release|iPhoneSimulator.Build.0 = Release|iPhoneSimulator
		{9ECCCAE5-336F-495A-B558-393B25437407}.Debug|iPhone.ActiveCfg = Debug|iPhone
		{9ECCCAE5-336F-495A-B558-393B25437407}.Debug|iPhone.Build.0 = Debug|iPhone
		{66DD1092-6D16-4A21-9396-772B76D33F4B}.Debug|Any CPU.ActiveCfg = Debug|Any CPU
		{66DD1092-6D16-4A21-9396-772B76D33F4B}.Debug|Any CPU.Build.0 = Debug|Any CPU
		{66DD1092-6D16-4A21-9396-772B76D33F4B}.Release|Any CPU.ActiveCfg = Release|Any CPU
		{66DD1092-6D16-4A21-9396-772B76D33F4B}.Release|Any CPU.Build.0 = Release|Any CPU
		{66DD1092-6D16-4A21-9396-772B76D33F4B}.Debug|iPhoneSimulator.ActiveCfg = Debug|Any CPU
		{66DD1092-6D16-4A21-9396-772B76D33F4B}.Debug|iPhoneSimulator.Build.0 = Debug|Any CPU
		{66DD1092-6D16-4A21-9396-772B76D33F4B}.Release|iPhone.ActiveCfg = Release|Any CPU
		{66DD1092-6D16-4A21-9396-772B76D33F4B}.Release|iPhone.Build.0 = Release|Any CPU
		{66DD1092-6D16-4A21-9396-772B76D33F4B}.Release|iPhoneSimulator.ActiveCfg = Release|Any CPU
		{66DD1092-6D16-4A21-9396-772B76D33F4B}.Release|iPhoneSimulator.Build.0 = Release|Any CPU
		{66DD1092-6D16-4A21-9396-772B76D33F4B}.Debug|iPhone.ActiveCfg = Debug|Any CPU
		{66DD1092-6D16-4A21-9396-772B76D33F4B}.Debug|iPhone.Build.0 = Debug|Any CPU
	EndGlobalSection
EndGlobal
